
Microsoft Visual Studio Solution File, Format Version 12.00
# Visual Studio Version 17
VisualStudioVersion = 17.12.35527.113
MinimumVisualStudioVersion = 10.0.40219.1
Project("{FAE04EC0-301F-11D3-BF4B-00C04F79EFBC}") = "Project.DbManagement", "Project.DbManagement\Project.DbManagement.csproj", "{0A86D5B8-A337-46B0-B29C-92EE43EE039E}"
EndProject
Project("{FAE04EC0-301F-11D3-BF4B-00C04F79EFBC}") = "Project.Business", "Project.Business\Project.Business.csproj", "{A682D5AA-32CE-482F-9DA7-E431309C6302}"
EndProject
Project("{FAE04EC0-301F-11D3-BF4B-00C04F79EFBC}") = "Project.Common", "Project.Common\Project.Common.csproj", "{97691007-8633-45F3-B5BD-DB1002889F2D}"
EndProject
Project("{FAE04EC0-301F-11D3-BF4B-00C04F79EFBC}") = "Project.MVC", "Project.MVC\Project.MVC.csproj", "{190A2A7A-70E7-4AE5-99BF-CF32C6152668}"
EndProject
Project("{FAE04EC0-301F-11D3-BF4B-00C04F79EFBC}") = "Project.MvcModule", "Project.MvcModule\Project.MvcModule.csproj", "{2BF9E45B-84D7-49E3-8717-6DF71470DD53}"
EndProject
Project("{2150E333-8FDC-42A3-9474-1A3956D46DE8}") = "9.Host", "9.Host", "{40D3DC26-BAE5-48B0-BA27-4273667D6FF4}"
EndProject
Project("{2150E333-8FDC-42A3-9474-1A3956D46DE8}") = "1.Project.Busines", "1.Project.Busines", "{540222D1-65C1-4564-99DD-A5D4643A1F5B}"
EndProject
Global
	GlobalSection(SolutionConfigurationPlatforms) = preSolution
		Debug|Any CPU = Debug|Any CPU
		Release|Any CPU = Release|Any CPU
	EndGlobalSection
	GlobalSection(ProjectConfigurationPlatforms) = postSolution
		{0A86D5B8-A337-46B0-B29C-92EE43EE039E}.Debug|Any CPU.ActiveCfg = Debug|Any CPU
		{0A86D5B8-A337-46B0-B29C-92EE43EE039E}.Debug|Any CPU.Build.0 = Debug|Any CPU
		{0A86D5B8-A337-46B0-B29C-92EE43EE039E}.Release|Any CPU.ActiveCfg = Release|Any CPU
		{0A86D5B8-A337-46B0-B29C-92EE43EE039E}.Release|Any CPU.Build.0 = Release|Any CPU
		{A682D5AA-32CE-482F-9DA7-E431309C6302}.Debug|Any CPU.ActiveCfg = Debug|Any CPU
		{A682D5AA-32CE-482F-9DA7-E431309C6302}.Debug|Any CPU.Build.0 = Debug|Any CPU
		{A682D5AA-32CE-482F-9DA7-E431309C6302}.Release|Any CPU.ActiveCfg = Release|Any CPU
		{A682D5AA-32CE-482F-9DA7-E431309C6302}.Release|Any CPU.Build.0 = Release|Any CPU
		{97691007-8633-45F3-B5BD-DB1002889F2D}.Debug|Any CPU.ActiveCfg = Debug|Any CPU
		{97691007-8633-45F3-B5BD-DB1002889F2D}.Debug|Any CPU.Build.0 = Debug|Any CPU
		{97691007-8633-45F3-B5BD-DB1002889F2D}.Release|Any CPU.ActiveCfg = Release|Any CPU
		{97691007-8633-45F3-B5BD-DB1002889F2D}.Release|Any CPU.Build.0 = Release|Any CPU
		{190A2A7A-70E7-4AE5-99BF-CF32C6152668}.Debug|Any CPU.ActiveCfg = Debug|Any CPU
		{190A2A7A-70E7-4AE5-99BF-CF32C6152668}.Debug|Any CPU.Build.0 = Debug|Any CPU
		{190A2A7A-70E7-4AE5-99BF-CF32C6152668}.Release|Any CPU.ActiveCfg = Release|Any CPU
		{190A2A7A-70E7-4AE5-99BF-CF32C6152668}.Release|Any CPU.Build.0 = Release|Any CPU
		{2BF9E45B-84D7-49E3-8717-6DF71470DD53}.Debug|Any CPU.ActiveCfg = Debug|Any CPU
		{2BF9E45B-84D7-49E3-8717-6DF71470DD53}.Debug|Any CPU.Build.0 = Debug|Any CPU
		{2BF9E45B-84D7-49E3-8717-6DF71470DD53}.Release|Any CPU.ActiveCfg = Release|Any CPU
		{2BF9E45B-84D7-49E3-8717-6DF71470DD53}.Release|Any CPU.Build.0 = Release|Any CPU
	EndGlobalSection
	GlobalSection(SolutionProperties) = preSolution
		HideSolutionNode = FALSE
	EndGlobalSection
	GlobalSection(NestedProjects) = preSolution
		{0A86D5B8-A337-46B0-B29C-92EE43EE039E} = {540222D1-65C1-4564-99DD-A5D4643A1F5B}
		{A682D5AA-32CE-482F-9DA7-E431309C6302} = {540222D1-65C1-4564-99DD-A5D4643A1F5B}
		{190A2A7A-70E7-4AE5-99BF-CF32C6152668} = {40D3DC26-BAE5-48B0-BA27-4273667D6FF4}
		{2BF9E45B-84D7-49E3-8717-6DF71470DD53} = {540222D1-65C1-4564-99DD-A5D4643A1F5B}
	EndGlobalSection
EndGlobal
