
Microsoft Visual Studio Solution File, Format Version 12.00
# Visual Studio Version 17
VisualStudioVersion = 17.12.35527.113
MinimumVisualStudioVersion = 10.0.40219.1
Project("{FAE04EC0-301F-11D3-BF4B-00C04F79EFBC}") = "Project.DbManagement", "Project.DbManagement\Project.DbManagement.csproj", "{0A86D5B8-A337-46B0-B29C-92EE43EE039E}"
EndProject
Project("{FAE04EC0-301F-11D3-BF4B-00C04F79EFBC}") = "Project.Business", "Project.Business\Project.Business.csproj", "{A682D5AA-32CE-482F-9DA7-E431309C6302}"
EndProject
Project("{FAE04EC0-301F-11D3-BF4B-00C04F79EFBC}") = "Project.Common", "Project.Common\Project.Common.csproj", "{97691007-8633-45F3-B5BD-DB1002889F2D}"
EndProject
Project("{FAE04EC0-301F-11D3-BF4B-00C04F79EFBC}") = "Projet.Website", "Projet.Website\Projet.Website.csproj", "{6F66DF5F-16E5-4ABB-9591-12FA57C856B4}"
EndProject
Global
	GlobalSection(SolutionConfigurationPlatforms) = preSolution
		Debug|Any CPU = Debug|Any CPU
		Release|Any CPU = Release|Any CPU
	EndGlobalSection
	GlobalSection(ProjectConfigurationPlatforms) = postSolution
		{0A86D5B8-A337-46B0-B29C-92EE43EE039E}.Debug|Any CPU.ActiveCfg = Debug|Any CPU
		{0A86D5B8-A337-46B0-B29C-92EE43EE039E}.Debug|Any CPU.Build.0 = Debug|Any CPU
		{0A86D5B8-A337-46B0-B29C-92EE43EE039E}.Release|Any CPU.ActiveCfg = Release|Any CPU
		{0A86D5B8-A337-46B0-B29C-92EE43EE039E}.Release|Any CPU.Build.0 = Release|Any CPU
		{A682D5AA-32CE-482F-9DA7-E431309C6302}.Debug|Any CPU.ActiveCfg = Debug|Any CPU
		{A682D5AA-32CE-482F-9DA7-E431309C6302}.Debug|Any CPU.Build.0 = Debug|Any CPU
		{A682D5AA-32CE-482F-9DA7-E431309C6302}.Release|Any CPU.ActiveCfg = Release|Any CPU
		{A682D5AA-32CE-482F-9DA7-E431309C6302}.Release|Any CPU.Build.0 = Release|Any CPU
		{97691007-8633-45F3-B5BD-DB1002889F2D}.Debug|Any CPU.ActiveCfg = Debug|Any CPU
		{97691007-8633-45F3-B5BD-DB1002889F2D}.Debug|Any CPU.Build.0 = Debug|Any CPU
		{97691007-8633-45F3-B5BD-DB1002889F2D}.Release|Any CPU.ActiveCfg = Release|Any CPU
		{97691007-8633-45F3-B5BD-DB1002889F2D}.Release|Any CPU.Build.0 = Release|Any CPU
		{6F66DF5F-16E5-4ABB-9591-12FA57C856B4}.Debug|Any CPU.ActiveCfg = Debug|Any CPU
		{6F66DF5F-16E5-4ABB-9591-12FA57C856B4}.Debug|Any CPU.Build.0 = Debug|Any CPU
		{6F66DF5F-16E5-4ABB-9591-12FA57C856B4}.Release|Any CPU.ActiveCfg = Release|Any CPU
		{6F66DF5F-16E5-4ABB-9591-12FA57C856B4}.Release|Any CPU.Build.0 = Release|Any CPU
	EndGlobalSection
	GlobalSection(SolutionProperties) = preSolution
		HideSolutionNode = FALSE
	EndGlobalSection
EndGlobal
